
Microsoft Visual Studio Solution File, Format Version 12.00
# Visual Studio 15
VisualStudioVersion = 15.0.28307.902
MinimumVisualStudioVersion = 10.0.40219.1
Project("{8BC9CEB8-8B4A-11D0-8D11-00A0C91BC942}") = "Walter-NC-2-Source-Converter", "Walter-NC-2-Source-Converter\Walter-NC-2-Source-Converter.vcxproj", "{4E209C7B-0852-417D-A616-F47946E0EB40}"
EndProject
Global
	GlobalSection(SolutionConfigurationPlatforms) = preSolution
		Debug|x64 = Debug|x64
		Release|x64 = Release|x64
	EndGlobalSection
	GlobalSection(ProjectConfigurationPlatforms) = postSolution
		{4E209C7B-0852-417D-A616-F47946E0EB40}.Debug|x64.ActiveCfg = Debug|x64
		{4E209C7B-0852-417D-A616-F47946E0EB40}.Debug|x64.Build.0 = Debug|x64
		{4E209C7B-0852-417D-A616-F47946E0EB40}.Release|x64.ActiveCfg = Release|x64
		{4E209C7B-0852-417D-A616-F47946E0EB40}.Release|x64.Build.0 = Release|x64
	EndGlobalSection
	GlobalSection(SolutionProperties) = preSolution
		HideSolutionNode = FALSE
	EndGlobalSection
	GlobalSection(ExtensibilityGlobals) = postSolution
		SolutionGuid = {A67FC401-80AB-4B11-8F33-CE925BE16AAE}
	EndGlobalSection
EndGlobal
